
Microsoft Visual Studio Solution File, Format Version 12.00
# Visual Studio Version 16
VisualStudioVersion = 16.0.31025.194
MinimumVisualStudioVersion = 10.0.40219.1
Project("{FAE04EC0-301F-11D3-BF4B-00C04F79EFBC}") = "AusiasMarc", "AusiasMarc\AusiasMarc.csproj", "{26219542-E5FA-498E-BE55-00E26DF4F494}"
EndProject
Project("{FAE04EC0-301F-11D3-BF4B-00C04F79EFBC}") = "WebApplication1", "WebApplication1\WebApplication1.csproj", "{8596448E-0350-416C-9933-F66D5615DF3A}"
EndProject
Global
	GlobalSection(SolutionConfigurationPlatforms) = preSolution
		Debug|Any CPU = Debug|Any CPU
		Release|Any CPU = Release|Any CPU
	EndGlobalSection
	GlobalSection(ProjectConfigurationPlatforms) = postSolution
		{26219542-E5FA-498E-BE55-00E26DF4F494}.Debug|Any CPU.ActiveCfg = Debug|Any CPU
		{26219542-E5FA-498E-BE55-00E26DF4F494}.Debug|Any CPU.Build.0 = Debug|Any CPU
		{26219542-E5FA-498E-BE55-00E26DF4F494}.Release|Any CPU.ActiveCfg = Release|Any CPU
		{26219542-E5FA-498E-BE55-00E26DF4F494}.Release|Any CPU.Build.0 = Release|Any CPU
		{8596448E-0350-416C-9933-F66D5615DF3A}.Debug|Any CPU.ActiveCfg = Debug|Any CPU
		{8596448E-0350-416C-9933-F66D5615DF3A}.Debug|Any CPU.Build.0 = Debug|Any CPU
		{8596448E-0350-416C-9933-F66D5615DF3A}.Release|Any CPU.ActiveCfg = Release|Any CPU
		{8596448E-0350-416C-9933-F66D5615DF3A}.Release|Any CPU.Build.0 = Release|Any CPU
	EndGlobalSection
	GlobalSection(SolutionProperties) = preSolution
		HideSolutionNode = FALSE
	EndGlobalSection
	GlobalSection(ExtensibilityGlobals) = postSolution
		SolutionGuid = {54D1A5C6-6F97-403A-B65C-65E50A04AB17}
	EndGlobalSection
EndGlobal
